{
  "originHash" : "6e9390f337badf4961b9c74e4e6c2b29929f17ef7553c9620990ad7b1df322b9",
  "pins" : [
    {
      "identity" : "sqlite.swift",
      "kind" : "remoteSourceControl",
      "location" : "https://github.com/stephencelis/SQLite.swift.git",
      "state" : {
        "revision" : "0c08856385fe24f7b76d8c51842d78a196e8e817",
        "version" : "0.15.5"
      }
    },
    {
      "identity" : "statement",
      "kind" : "remoteSourceControl",
      "location" : "https://github.com/richardpiazza/Statement.git",
      "state" : {
        "revision" : "fc77679f1d34c75cf996bd09169efbc31ca93d7a",
        "version" : "0.8.1"
      }
    },
    {
      "identity" : "swift-log",
      "kind" : "remoteSourceControl",
      "location" : "https://github.com/apple/swift-log.git",
      "state" : {
        "revision" : "2778fd4e5a12a8aaa30a3ee8285f4ce54c5f3181",
        "version" : "1.9.1"
      }
    },
    {
      "identity" : "swift-mutex",
      "kind" : "remoteSourceControl",
      "location" : "https://github.com/swhitty/swift-mutex.git",
      "state" : {
        "revision" : "1770152df756b54c28ef1787df1e957d93cc62d5",
        "version" : "0.0.6"
      }
    },
    {
      "identity" : "swift-toolchain-sqlite",
      "kind" : "remoteSourceControl",
      "location" : "https://github.com/swiftlang/swift-toolchain-sqlite.git",
      "state" : {
        "revision" : "b45b80b943e88db3cb8ddea798fa3fa9912375ff",
        "version" : "1.0.7"
      }
    }
  ],
  "version" : 3
}
